
Microsoft Visual Studio Solution File, Format Version 12.00
Project("{FAE04EC0-301F-11D3-BF4B-00C04F79EFBC}") = "RoslynStaticAbstract", "RoslynStaticAbstract\RoslynStaticAbstract.csproj", "{D1737039-10D8-4ECD-A813-D148E437582C}"
EndProject
Global
	GlobalSection(SolutionConfigurationPlatforms) = preSolution
		Debug|Any CPU = Debug|Any CPU
		Release|Any CPU = Release|Any CPU
	EndGlobalSection
	GlobalSection(ProjectConfigurationPlatforms) = postSolution
		{D1737039-10D8-4ECD-A813-D148E437582C}.Debug|Any CPU.ActiveCfg = Debug|Any CPU
		{D1737039-10D8-4ECD-A813-D148E437582C}.Debug|Any CPU.Build.0 = Debug|Any CPU
		{D1737039-10D8-4ECD-A813-D148E437582C}.Release|Any CPU.ActiveCfg = Release|Any CPU
		{D1737039-10D8-4ECD-A813-D148E437582C}.Release|Any CPU.Build.0 = Release|Any CPU
	EndGlobalSection
EndGlobal
